// !$*UTF8*$!
{
	archiveVersion = 1;
	classes = {
	};
	objectVersion = 56;
	objects = {

/* Begin PBXBuildFile section */
		0CC24D2B29C1662E003387E9 /* LandmarksApp.swift in Sources */ = {isa = PBXBuildFile; fileRef = 0CC24D2A29C1662E003387E9 /* LandmarksApp.swift */; };
		0CC24D2D29C1662E003387E9 /* ContentView.swift in Sources */ = {isa = PBXBuildFile; fileRef = 0CC24D2C29C1662E003387E9 /* ContentView.swift */; };
		0CC24D2F29C16630003387E9 /* Assets.xcassets in Resources */ = {isa = PBXBuildFile; fileRef = 0CC24D2E29C16630003387E9 /* Assets.xcassets */; };
		0CC24D3229C16630003387E9 /* Preview Assets.xcassets in Resources */ = {isa = PBXBuildFile; fileRef = 0CC24D3129C16630003387E9 /* Preview Assets.xcassets */; };
		0CF6814729C2747D00A51EEB /* CircleImage.swift in Sources */ = {isa = PBXBuildFile; fileRef = 0CF6814629C2747D00A51EEB /* CircleImage.swift */; };
		0CF6814929C2755100A51EEB /* MapView.swift in Sources */ = {isa = PBXBuildFile; fileRef = 0CF6814829C2755100A51EEB /* MapView.swift */; };
		0CF6814B29C27A3200A51EEB /* landmarkData.json in Resources */ = {isa = PBXBuildFile; fileRef = 0CF6814A29C27A3200A51EEB /* landmarkData.json */; };
		0CF6814D29C27BF300A51EEB /* Landmark.swift in Sources */ = {isa = PBXBuildFile; fileRef = 0CF6814C29C27BF300A51EEB /* Landmark.swift */; };
		0CF6816529C27FBB00A51EEB /* ModelData.swift in Sources */ = {isa = PBXBuildFile; fileRef = 0CF6816429C27FBB00A51EEB /* ModelData.swift */; };
		0CF6816A29C2815400A51EEB /* LandmarkRow.swift in Sources */ = {isa = PBXBuildFile; fileRef = 0CF6816929C2815400A51EEB /* LandmarkRow.swift */; };
		0CF6816C29C2838500A51EEB /* LandmarkList.swift in Sources */ = {isa = PBXBuildFile; fileRef = 0CF6816B29C2838500A51EEB /* LandmarkList.swift */; };
		0CF6816E29C287CE00A51EEB /* LandmarkDetail.swift in Sources */ = {isa = PBXBuildFile; fileRef = 0CF6816D29C287CE00A51EEB /* LandmarkDetail.swift */; };
		0CF6817029C2B35800A51EEB /* FavoriteButton.swift in Sources */ = {isa = PBXBuildFile; fileRef = 0CF6816F29C2B35800A51EEB /* FavoriteButton.swift */; };
/* End PBXBuildFile section */

/* Begin PBXFileReference section */
		0C05943F29C1960500B501A0 /* Info.plist */ = {isa = PBXFileReference; lastKnownFileType = text.plist; path = Info.plist; sourceTree = "<group>"; };
		0CC24D2729C1662E003387E9 /* Landmarks.app */ = {isa = PBXFileReference; explicitFileType = wrapper.application; includeInIndex = 0; path = Landmarks.app; sourceTree = BUILT_PRODUCTS_DIR; };
		0CC24D2A29C1662E003387E9 /* LandmarksApp.swift */ = {isa = PBXFileReference; lastKnownFileType = sourcecode.swift; path = LandmarksApp.swift; sourceTree = "<group>"; };
		0CC24D2C29C1662E003387E9 /* ContentView.swift */ = {isa = PBXFileReference; lastKnownFileType = sourcecode.swift; path = ContentView.swift; sourceTree = "<group>"; };
		0CC24D2E29C16630003387E9 /* Assets.xcassets */ = {isa = PBXFileReference; lastKnownFileType = folder.assetcatalog; path = Assets.xcassets; sourceTree = "<group>"; };
		0CC24D3129C16630003387E9 /* Preview Assets.xcassets */ = {isa = PBXFileReference; lastKnownFileType = folder.assetcatalog; path = "Preview Assets.xcassets"; sourceTree = "<group>"; };
		0CF6814629C2747D00A51EEB /* CircleImage.swift */ = {isa = PBXFileReference; lastKnownFileType = sourcecode.swift; path = CircleImage.swift; sourceTree = "<group>"; };
		0CF6814829C2755100A51EEB /* MapView.swift */ = {isa = PBXFileReference; lastKnownFileType = sourcecode.swift; path = MapView.swift; sourceTree = "<group>"; };
		0CF6814A29C27A3200A51EEB /* landmarkData.json */ = {isa = PBXFileReference; fileEncoding = 4; lastKnownFileType = text.json; path = landmarkData.json; sourceTree = "<group>"; };
		0CF6814C29C27BF300A51EEB /* Landmark.swift */ = {isa = PBXFileReference; lastKnownFileType = sourcecode.swift; path = Landmark.swift; sourceTree = "<group>"; };
		0CF6816429C27FBB00A51EEB /* ModelData.swift */ = {isa = PBXFileReference; lastKnownFileType = sourcecode.swift; path = ModelData.swift; sourceTree = "<group>"; };
		0CF6816929C2815400A51EEB /* LandmarkRow.swift */ = {isa = PBXFileReference; lastKnownFileType = sourcecode.swift; path = LandmarkRow.swift; sourceTree = "<group>"; };
		0CF6816B29C2838500A51EEB /* LandmarkList.swift */ = {isa = PBXFileReference; lastKnownFileType = sourcecode.swift; path = LandmarkList.swift; sourceTree = "<group>"; };
		0CF6816D29C287CE00A51EEB /* LandmarkDetail.swift */ = {isa = PBXFileReference; lastKnownFileType = sourcecode.swift; path = LandmarkDetail.swift; sourceTree = "<group>"; };
		0CF6816F29C2B35800A51EEB /* FavoriteButton.swift */ = {isa = PBXFileReference; lastKnownFileType = sourcecode.swift; path = FavoriteButton.swift; sourceTree = "<group>"; };
/* End PBXFileReference section */

/* Begin PBXFrameworksBuildPhase section */
		0CC24D2429C1662E003387E9 /* Frameworks */ = {
			isa = PBXFrameworksBuildPhase;
			buildActionMask = 2147483647;
			files = (
			);
			runOnlyForDeploymentPostprocessing = 0;
		};
/* End PBXFrameworksBuildPhase section */

/* Begin PBXGroup section */
		0CC24D1E29C1662E003387E9 = {
			isa = PBXGroup;
			children = (
				0CC24D2929C1662E003387E9 /* Landmarks */,
				0CC24D2829C1662E003387E9 /* Products */,
			);
			sourceTree = "<group>";
		};
		0CC24D2829C1662E003387E9 /* Products */ = {
			isa = PBXGroup;
			children = (
				0CC24D2729C1662E003387E9 /* Landmarks.app */,
			);
			name = Products;
			sourceTree = "<group>";
		};
		0CC24D2929C1662E003387E9 /* Landmarks */ = {
			isa = PBXGroup;
			children = (
				0CF6816629C280EA00A51EEB /* Resources */,
				0C05943F29C1960500B501A0 /* Info.plist */,
				0CC24D2A29C1662E003387E9 /* LandmarksApp.swift */,
				0CF6816829C2812900A51EEB /* Model */,
				0CC24D2E29C16630003387E9 /* Assets.xcassets */,
				0CF6816729C2810F00A51EEB /* Views */,
				0CC24D3029C16630003387E9 /* Preview Content */,
			);
			path = Landmarks;
			sourceTree = "<group>";
		};
		0CC24D3029C16630003387E9 /* Preview Content */ = {
			isa = PBXGroup;
			children = (
				0CC24D3129C16630003387E9 /* Preview Assets.xcassets */,
			);
			path = "Preview Content";
			sourceTree = "<group>";
		};
		0CF6816629C280EA00A51EEB /* Resources */ = {
			isa = PBXGroup;
			children = (
				0CF6814A29C27A3200A51EEB /* landmarkData.json */,
			);
			path = Resources;
			sourceTree = "<group>";
		};
		0CF6816729C2810F00A51EEB /* Views */ = {
			isa = PBXGroup;
			children = (
				0CC24D2C29C1662E003387E9 /* ContentView.swift */,
				0CF6814629C2747D00A51EEB /* CircleImage.swift */,
				0CF6814829C2755100A51EEB /* MapView.swift */,
				0CF6816929C2815400A51EEB /* LandmarkRow.swift */,
				0CF6816B29C2838500A51EEB /* LandmarkList.swift */,
				0CF6816D29C287CE00A51EEB /* LandmarkDetail.swift */,
				0CF6816F29C2B35800A51EEB /* FavoriteButton.swift */,
			);
			path = Views;
			sourceTree = "<group>";
		};
		0CF6816829C2812900A51EEB /* Model */ = {
			isa = PBXGroup;
			children = (
				0CF6814C29C27BF300A51EEB /* Landmark.swift */,
				0CF6816429C27FBB00A51EEB /* ModelData.swift */,
			);
			path = Model;
			sourceTree = "<group>";
		};
/* End PBXGroup section */

/* Begin PBXNativeTarget section */
		0CC24D2629C1662E003387E9 /* Landmarks */ = {
			isa = PBXNativeTarget;
			buildConfigurationList = 0CC24D3529C16630003387E9 /* Build configuration list for PBXNativeTarget "Landmarks" */;
			buildPhases = (
				0CC24D2329C1662E003387E9 /* Sources */,
				0CC24D2429C1662E003387E9 /* Frameworks */,
				0CC24D2529C1662E003387E9 /* Resources */,
			);
			buildRules = (
			);
			dependencies = (
			);
			name = Landmarks;
			productName = Landmarks;
			productReference = 0CC24D2729C1662E003387E9 /* Landmarks.app */;
			productType = "com.apple.product-type.application";
		};
/* End PBXNativeTarget section */

/* Begin PBXProject section */
		0CC24D1F29C1662E003387E9 /* Project object */ = {
			isa = PBXProject;
			attributes = {
				BuildIndependentTargetsInParallel = 1;
				LastSwiftUpdateCheck = 1420;
				LastUpgradeCheck = 1420;
				TargetAttributes = {
					0CC24D2629C1662E003387E9 = {
						CreatedOnToolsVersion = 14.2;
					};
				};
			};
			buildConfigurationList = 0CC24D2229C1662E003387E9 /* Build configuration list for PBXProject "Landmarks" */;
			compatibilityVersion = "Xcode 14.0";
			developmentRegion = en;
			hasScannedForEncodings = 0;
			knownRegions = (
				en,
				Base,
			);
			mainGroup = 0CC24D1E29C1662E003387E9;
			productRefGroup = 0CC24D2829C1662E003387E9 /* Products */;
			projectDirPath = "";
			projectRoot = "";
			targets = (
				0CC24D2629C1662E003387E9 /* Landmarks */,
			);
		};
/* End PBXProject section */

/* Begin PBXResourcesBuildPhase section */
		0CC24D2529C1662E003387E9 /* Resources */ = {
			isa = PBXResourcesBuildPhase;
			buildActionMask = 2147483647;
			files = (
				0CC24D3229C16630003387E9 /* Preview Assets.xcassets in Resources */,
				0CC24D2F29C16630003387E9 /* Assets.xcassets in Resources */,
				0CF6814B29C27A3200A51EEB /* landmarkData.json in Resources */,
			);
			runOnlyForDeploymentPostprocessing = 0;
		};
/* End PBXResourcesBuildPhase section */

/* Begin PBXSourcesBuildPhase section */
		0CC24D2329C1662E003387E9 /* Sources */ = {
			isa = PBXSourcesBuildPhase;
			buildActionMask = 2147483647;
			files = (
				0CC24D2D29C1662E003387E9 /* ContentView.swift in Sources */,
				0CF6814929C2755100A51EEB /* MapView.swift in Sources */,
				0CC24D2B29C1662E003387E9 /* LandmarksApp.swift in Sources */,
				0CF6817029C2B35800A51EEB /* FavoriteButton.swift in Sources */,
				0CF6816C29C2838500A51EEB /* LandmarkList.swift in Sources */,
				0CF6816E29C287CE00A51EEB /* LandmarkDetail.swift in Sources */,
				0CF6814729C2747D00A51EEB /* CircleImage.swift in Sources */,
				0CF6814D29C27BF300A51EEB /* Landmark.swift in Sources */,
				0CF6816A29C2815400A51EEB /* LandmarkRow.swift in Sources */,
				0CF6816529C27FBB00A51EEB /* ModelData.swift in Sources */,
			);
			runOnlyForDeploymentPostprocessing = 0;
		};
/* End PBXSourcesBuildPhase section */

/* Begin XCBuildConfiguration section */
		0CC24D3329C16630003387E9 /* Debug */ = {
			isa = XCBuildConfiguration;
			buildSettings = {
				ALWAYS_SEARCH_USER_PATHS = NO;
				CLANG_ANALYZER_NONNULL = YES;
				CLANG_ANALYZER_NUMBER_OBJECT_CONVERSION = YES_AGGRESSIVE;
				CLANG_CXX_LANGUAGE_STANDARD = "gnu++20";
				CLANG_ENABLE_MODULES = YES;
				CLANG_ENABLE_OBJC_ARC = YES;
				CLANG_ENABLE_OBJC_WEAK = YES;
				CLANG_WARN_BLOCK_CAPTURE_AUTORELEASING = YES;
				CLANG_WARN_BOOL_CONVERSION = YES;
				CLANG_WARN_COMMA = YES;
				CLANG_WARN_CONSTANT_CONVERSION = YES;
				CLANG_WARN_DEPRECATED_OBJC_IMPLEMENTATIONS = YES;
				CLANG_WARN_DIRECT_OBJC_ISA_USAGE = YES_ERROR;
				CLANG_WARN_DOCUMENTATION_COMMENTS = YES;
				CLANG_WARN_EMPTY_BODY = YES;
				CLANG_WARN_ENUM_CONVERSION = YES;
				CLANG_WARN_INFINITE_RECURSION = YES;
				CLANG_WARN_INT_CONVERSION = YES;
				CLANG_WARN_NON_LITERAL_NULL_CONVERSION = YES;
				CLANG_WARN_OBJC_IMPLICIT_RETAIN_SELF = YES;
				CLANG_WARN_OBJC_LITERAL_CONVERSION = YES;
				CLANG_WARN_OBJC_ROOT_CLASS = YES_ERROR;
				CLANG_WARN_QUOTED_INCLUDE_IN_FRAMEWORK_HEADER = YES;
				CLANG_WARN_RANGE_LOOP_ANALYSIS = YES;
				CLANG_WARN_STRICT_PROTOTYPES = YES;
				CLANG_WARN_SUSPICIOUS_MOVE = YES;
				CLANG_WARN_UNGUARDED_AVAILABILITY = YES_AGGRESSIVE;
				CLANG_WARN_UNREACHABLE_CODE = YES;
				CLANG_WARN__DUPLICATE_METHOD_MATCH = YES;
				COPY_PHASE_STRIP = NO;
				DEBUG_INFORMATION_FORMAT = dwarf;
				ENABLE_STRICT_OBJC_MSGSEND = YES;
				ENABLE_TESTABILITY = YES;
				GCC_C_LANGUAGE_STANDARD = gnu11;
				GCC_DYNAMIC_NO_PIC = NO;
				GCC_NO_COMMON_BLOCKS = YES;
				GCC_OPTIMIZATION_LEVEL = 0;
				GCC_PREPROCESSOR_DEFINITIONS = (
					"DEBUG=1",
					"$(inherited)",
				);
				GCC_WARN_64_TO_32_BIT_CONVERSION = YES;
				GCC_WARN_ABOUT_RETURN_TYPE = YES_ERROR;
				GCC_WARN_UNDECLARED_SELECTOR = YES;
				GCC_WARN_UNINITIALIZED_AUTOS = YES_AGGRESSIVE;
				GCC_WARN_UNUSED_FUNCTION = YES;
				GCC_WARN_UNUSED_VARIABLE = YES;
				IPHONEOS_DEPLOYMENT_TARGET = 16.2;
				MTL_ENABLE_DEBUG_INFO = INCLUDE_SOURCE;
				MTL_FAST_MATH = YES;
				ONLY_ACTIVE_ARCH = YES;
				SDKROOT = iphoneos;
				SWIFT_ACTIVE_COMPILATION_CONDITIONS = DEBUG;
				SWIFT_OPTIMIZATION_LEVEL = "-Onone";
			};
			name = Debug;
		};
		0CC24D3429C16630003387E9 /* Release */ = {
			isa = XCBuildConfiguration;
			buildSettings = {
				ALWAYS_SEARCH_USER_PATHS = NO;
				CLANG_ANALYZER_NONNULL = YES;
				CLANG_ANALYZER_NUMBER_OBJECT_CONVERSION = YES_AGGRESSIVE;
				CLANG_CXX_LANGUAGE_STANDARD = "gnu++20";
				CLANG_ENABLE_MODULES = YES;
				CLANG_ENABLE_OBJC_ARC = YES;
				CLANG_ENABLE_OBJC_WEAK = YES;
				CLANG_WARN_BLOCK_CAPTURE_AUTORELEASING = YES;
				CLANG_WARN_BOOL_CONVERSION = YES;
				CLANG_WARN_COMMA = YES;
				CLANG_WARN_CONSTANT_CONVERSION = YES;
				CLANG_WARN_DEPRECATED_OBJC_IMPLEMENTATIONS = YES;
				CLANG_WARN_DIRECT_OBJC_ISA_USAGE = YES_ERROR;
				CLANG_WARN_DOCUMENTATION_COMMENTS = YES;
				CLANG_WARN_EMPTY_BODY = YES;
				CLANG_WARN_ENUM_CONVERSION = YES;
				CLANG_WARN_INFINITE_RECURSION = YES;
				CLANG_WARN_INT_CONVERSION = YES;
				CLANG_WARN_NON_LITERAL_NULL_CONVERSION = YES;
				CLANG_WARN_OBJC_IMPLICIT_RETAIN_SELF = YES;
				CLANG_WARN_OBJC_LITERAL_CONVERSION = YES;
				CLANG_WARN_OBJC_ROOT_CLASS = YES_ERROR;
				CLANG_WARN_QUOTED_INCLUDE_IN_FRAMEWORK_HEADER = YES;
				CLANG_WARN_RANGE_LOOP_ANALYSIS = YES;
				CLANG_WARN_STRICT_PROTOTYPES = YES;
				CLANG_WARN_SUSPICIOUS_MOVE = YES;
				CLANG_WARN_UNGUARDED_AVAILABILITY = YES_AGGRESSIVE;
				CLANG_WARN_UNREACHABLE_CODE = YES;
				CLANG_WARN__DUPLICATE_METHOD_MATCH = YES;
				COPY_PHASE_STRIP = NO;
				DEBUG_INFORMATION_FORMAT = "dwarf-with-dsym";
				ENABLE_NS_ASSERTIONS = NO;
				ENABLE_STRICT_OBJC_MSGSEND = YES;
				GCC_C_LANGUAGE_STANDARD = gnu11;
				GCC_NO_COMMON_BLOCKS = YES;
				GCC_WARN_64_TO_32_BIT_CONVERSION = YES;
				GCC_WARN_ABOUT_RETURN_TYPE = YES_ERROR;
				GCC_WARN_UNDECLARED_SELECTOR = YES;
				GCC_WARN_UNINITIALIZED_AUTOS = YES_AGGRESSIVE;
				GCC_WARN_UNUSED_FUNCTION = YES;
				GCC_WARN_UNUSED_VARIABLE = YES;
				IPHONEOS_DEPLOYMENT_TARGET = 16.2;
				MTL_ENABLE_DEBUG_INFO = NO;
				MTL_FAST_MATH = YES;
				SDKROOT = iphoneos;
				SWIFT_COMPILATION_MODE = wholemodule;
				SWIFT_OPTIMIZATION_LEVEL = "-O";
				VALIDATE_PRODUCT = YES;
			};
			name = Release;
		};
		0CC24D3629C16630003387E9 /* Debug */ = {
			isa = XCBuildConfiguration;
			buildSettings = {
				ASSETCATALOG_COMPILER_APPICON_NAME = AppIcon;
				ASSETCATALOG_COMPILER_GLOBAL_ACCENT_COLOR_NAME = AccentColor;
				CODE_SIGN_STYLE = Automatic;
				CURRENT_PROJECT_VERSION = 1;
				DEVELOPMENT_ASSET_PATHS = "\"Landmarks/Preview Content\"";
				ENABLE_PREVIEWS = YES;
				GENERATE_INFOPLIST_FILE = YES;
				INFOPLIST_FILE = Landmarks/Info.plist;
				INFOPLIST_KEY_UIApplicationSupportsIndirectInputEvents = YES;
				INFOPLIST_KEY_UILaunchScreen_Generation = YES;
				INFOPLIST_KEY_UISupportedInterfaceOrientations_iPad = "UIInterfaceOrientationPortrait UIInterfaceOrientationPortraitUpsideDown UIInterfaceOrientationLandscapeLeft UIInterfaceOrientationLandscapeRight";
				INFOPLIST_KEY_UISupportedInterfaceOrientations_iPhone = "UIInterfaceOrientationPortrait UIInterfaceOrientationLandscapeLeft UIInterfaceOrientationLandscapeRight";
				IPHONEOS_DEPLOYMENT_TARGET = 15.4;
				LD_RUNPATH_SEARCH_PATHS = (
					"$(inherited)",
					"@executable_path/Frameworks",
				);
				MARKETING_VERSION = 1.0;
				PRODUCT_BUNDLE_IDENTIFIER = "pd-capstone-2.Landmarks";
				PRODUCT_NAME = "$(TARGET_NAME)";
				SWIFT_EMIT_LOC_STRINGS = YES;
				SWIFT_VERSION = 5.0;
				TARGETED_DEVICE_FAMILY = "1,2";
			};
			name = Debug;
		};
		0CC24D3729C16630003387E9 /* Release */ = {
			isa = XCBuildConfiguration;
			buildSettings = {
				ASSETCATALOG_COMPILER_APPICON_NAME = AppIcon;
				ASSETCATALOG_COMPILER_GLOBAL_ACCENT_COLOR_NAME = AccentColor;
				CODE_SIGN_STYLE = Automatic;
				CURRENT_PROJECT_VERSION = 1;
				DEVELOPMENT_ASSET_PATHS = "\"Landmarks/Preview Content\"";
				ENABLE_PREVIEWS = YES;
				GENERATE_INFOPLIST_FILE = YES;
				INFOPLIST_FILE = Landmarks/Info.plist;
				INFOPLIST_KEY_UIApplicationSupportsIndirectInputEvents = YES;
				INFOPLIST_KEY_UILaunchScreen_Generation = YES;
				INFOPLIST_KEY_UISupportedInterfaceOrientations_iPad = "UIInterfaceOrientationPortrait UIInterfaceOrientationPortraitUpsideDown UIInterfaceOrientationLandscapeLeft UIInterfaceOrientationLandscapeRight";
				INFOPLIST_KEY_UISupportedInterfaceOrientations_iPhone = "UIInterfaceOrientationPortrait UIInterfaceOrientationLandscapeLeft UIInterfaceOrientationLandscapeRight";
				IPHONEOS_DEPLOYMENT_TARGET = 15.4;
				LD_RUNPATH_SEARCH_PATHS = (
					"$(inherited)",
					"@executable_path/Frameworks",
				);
				MARKETING_VERSION = 1.0;
				PRODUCT_BUNDLE_IDENTIFIER = "pd-capstone-2.Landmarks";
				PRODUCT_NAME = "$(TARGET_NAME)";
				SWIFT_EMIT_LOC_STRINGS = YES;
				SWIFT_VERSION = 5.0;
				TARGETED_DEVICE_FAMILY = "1,2";
			};
			name = Release;
		};
/* End XCBuildConfiguration section */

/* Begin XCConfigurationList section */
		0CC24D2229C1662E003387E9 /* Build configuration list for PBXProject "Landmarks" */ = {
			isa = XCConfigurationList;
			buildConfigurations = (
				0CC24D3329C16630003387E9 /* Debug */,
				0CC24D3429C16630003387E9 /* Release */,
			);
			defaultConfigurationIsVisible = 0;
			defaultConfigurationName = Release;
		};
		0CC24D3529C16630003387E9 /* Build configuration list for PBXNativeTarget "Landmarks" */ = {
			isa = XCConfigurationList;
			buildConfigurations = (
				0CC24D3629C16630003387E9 /* Debug */,
				0CC24D3729C16630003387E9 /* Release */,
			);
			defaultConfigurationIsVisible = 0;
			defaultConfigurationName = Release;
		};
/* End XCConfigurationList section */
	};
	rootObject = 0CC24D1F29C1662E003387E9 /* Project object */;
}
